github.com/goburrow/modbus v0.1.0 h1:DejRZY73nEM6+bt5JSP6IsFolJ9dVcqxsYbpLbeW/ro=
github.com/goburrow/modbus v0.1.0/go.mod h1:Kx552D5rLIS8E7TyUwQ/UdHEqvX5T8tyiGBTlzMcZBg=
github.com/goburrow/serial v0.1.0 h1:v2T1SQa/dlUqQiYIT8+Cu7YolfqAi3K96UmhwYyuSrA=
github.com/goburrow/serial v0.1.0/go.mod h1:sAiqG0nRVswsm1C97xsttiYCzSLBmUZ/VSlVLZJ8haA=
github.com/jonboulle/clockwork v0.4.0 h1:p4Cf1aMWXnXAUh8lVfewRBx1zaTSYKrKMF2g3ST4RZ4=
github.com/jonboulle/clockwork v0.4.0/go.mod h1:xgRqUGwRcjKCO1vbZUEtSLrqKoPSsUpK7fnezOII0kc=
github.com/tbrandon/mbserver v0.0.0-20231208015628-36eb59221ac2 h1:2H0HcvMX8JEa4HD32KJNBMwOBmCLs9xYOWVE8ig06Ss=
github.com/tbrandon/mbserver v0.0.0-20231208015628-36eb59221ac2/go.mod h1:qUzPVlSj2UgxJkVbH0ZwuuiR46U8RBMDT5KLY78Ifpw=
periph.io/x/conn/v3 v3.7.2 h1:qt9dE6XGP5ljbFnCKRJ9OOCoiOyBGlw7JZgoi72zZ1s=
periph.io/x/conn/v3 v3.7.2/go.mod h1:Ao0b4sFRo4QOx6c1tROJU1fLJN1hUIYggjOrkIVnpGg=
periph.io/x/host/v3 v3.8.5 h1:g4g5xE1XZtDiGl1UAJaUur1aT7uNiFLMkyMEiZ7IHII=
periph.io/x/host/v3 v3.8.5/go.mod h1:hPq8dISZIc+UNfWoRj+bPH3XEBQqJPdFdx218W92mdc=
